
Microsoft Visual Studio Solution File, Format Version 12.00
# Visual Studio Version 17
VisualStudioVersion = 17.0.31903.59
MinimumVisualStudioVersion = 10.0.40219.1
Project("{2150E333-8FDC-42A3-9474-1A3956D46DE8}") = "src", "src", "{827E0CD3-B72D-47B6-A68D-7590B98EB39B}"
EndProject
Project("{FAE04EC0-301F-11D3-BF4B-00C04F79EFBC}") = "Pedidos.Dominio", "src\Pedidos.Dominio\Pedidos.Dominio.csproj", "{3FC009BD-F979-4BE2-A63A-DBC72415F9BD}"
EndProject
Project("{FAE04EC0-301F-11D3-BF4B-00C04F79EFBC}") = "Pedidos.Aplicacao", "src\Pedidos.Aplicacao\Pedidos.Aplicacao.csproj", "{EE307CE9-B081-4402-B418-267107DF7351}"
EndProject
Project("{FAE04EC0-301F-11D3-BF4B-00C04F79EFBC}") = "Pedidos.Infra", "src\Pedidos.Infra\Pedidos.Infra.csproj", "{1CCB90B3-BE0F-4458-97D9-38EDAB15EE96}"
EndProject
Project("{FAE04EC0-301F-11D3-BF4B-00C04F79EFBC}") = "Pedidos.Api", "src\Pedidos.Api\Pedidos.Api.csproj", "{5E78E1CE-C685-4049-A14B-8625F22BC7CA}"
EndProject
Project("{FAE04EC0-301F-11D3-BF4B-00C04F79EFBC}") = "Pedidos.Worker", "src\Pedidos.Worker\Pedidos.Worker.csproj", "{D7778CFF-AD34-4432-9762-339F18A88BA3}"
EndProject
Project("{FAE04EC0-301F-11D3-BF4B-00C04F79EFBC}") = "Pedidos.Tests", "tests\Pedidos.Tests\Pedidos.Tests.csproj", "{F694B298-5201-4E61-A6E5-01AFD2E68B62}"
EndProject
Global
	GlobalSection(SolutionConfigurationPlatforms) = preSolution
		Debug|Any CPU = Debug|Any CPU
		Debug|x64 = Debug|x64
		Debug|x86 = Debug|x86
		Release|Any CPU = Release|Any CPU
		Release|x64 = Release|x64
		Release|x86 = Release|x86
	EndGlobalSection
	GlobalSection(ProjectConfigurationPlatforms) = postSolution
		{3FC009BD-F979-4BE2-A63A-DBC72415F9BD}.Debug|Any CPU.ActiveCfg = Debug|Any CPU
		{3FC009BD-F979-4BE2-A63A-DBC72415F9BD}.Debug|Any CPU.Build.0 = Debug|Any CPU
		{3FC009BD-F979-4BE2-A63A-DBC72415F9BD}.Debug|x64.ActiveCfg = Debug|Any CPU
		{3FC009BD-F979-4BE2-A63A-DBC72415F9BD}.Debug|x64.Build.0 = Debug|Any CPU
		{3FC009BD-F979-4BE2-A63A-DBC72415F9BD}.Debug|x86.ActiveCfg = Debug|Any CPU
		{3FC009BD-F979-4BE2-A63A-DBC72415F9BD}.Debug|x86.Build.0 = Debug|Any CPU
		{3FC009BD-F979-4BE2-A63A-DBC72415F9BD}.Release|Any CPU.ActiveCfg = Release|Any CPU
		{3FC009BD-F979-4BE2-A63A-DBC72415F9BD}.Release|Any CPU.Build.0 = Release|Any CPU
		{3FC009BD-F979-4BE2-A63A-DBC72415F9BD}.Release|x64.ActiveCfg = Release|Any CPU
		{3FC009BD-F979-4BE2-A63A-DBC72415F9BD}.Release|x64.Build.0 = Release|Any CPU
		{3FC009BD-F979-4BE2-A63A-DBC72415F9BD}.Release|x86.ActiveCfg = Release|Any CPU
		{3FC009BD-F979-4BE2-A63A-DBC72415F9BD}.Release|x86.Build.0 = Release|Any CPU
		{EE307CE9-B081-4402-B418-267107DF7351}.Debug|Any CPU.ActiveCfg = Debug|Any CPU
		{EE307CE9-B081-4402-B418-267107DF7351}.Debug|Any CPU.Build.0 = Debug|Any CPU
		{EE307CE9-B081-4402-B418-267107DF7351}.Debug|x64.ActiveCfg = Debug|Any CPU
		{EE307CE9-B081-4402-B418-267107DF7351}.Debug|x64.Build.0 = Debug|Any CPU
		{EE307CE9-B081-4402-B418-267107DF7351}.Debug|x86.ActiveCfg = Debug|Any CPU
		{EE307CE9-B081-4402-B418-267107DF7351}.Debug|x86.Build.0 = Debug|Any CPU
		{EE307CE9-B081-4402-B418-267107DF7351}.Release|Any CPU.ActiveCfg = Release|Any CPU
		{EE307CE9-B081-4402-B418-267107DF7351}.Release|Any CPU.Build.0 = Release|Any CPU
		{EE307CE9-B081-4402-B418-267107DF7351}.Release|x64.ActiveCfg = Release|Any CPU
		{EE307CE9-B081-4402-B418-267107DF7351}.Release|x64.Build.0 = Release|Any CPU
		{EE307CE9-B081-4402-B418-267107DF7351}.Release|x86.ActiveCfg = Release|Any CPU
		{EE307CE9-B081-4402-B418-267107DF7351}.Release|x86.Build.0 = Release|Any CPU
		{1CCB90B3-BE0F-4458-97D9-38EDAB15EE96}.Debug|Any CPU.ActiveCfg = Debug|Any CPU
		{1CCB90B3-BE0F-4458-97D9-38EDAB15EE96}.Debug|Any CPU.Build.0 = Debug|Any CPU
		{1CCB90B3-BE0F-4458-97D9-38EDAB15EE96}.Debug|x64.ActiveCfg = Debug|Any CPU
		{1CCB90B3-BE0F-4458-97D9-38EDAB15EE96}.Debug|x64.Build.0 = Debug|Any CPU
		{1CCB90B3-BE0F-4458-97D9-38EDAB15EE96}.Debug|x86.ActiveCfg = Debug|Any CPU
		{1CCB90B3-BE0F-4458-97D9-38EDAB15EE96}.Debug|x86.Build.0 = Debug|Any CPU
		{1CCB90B3-BE0F-4458-97D9-38EDAB15EE96}.Release|Any CPU.ActiveCfg = Release|Any CPU
		{1CCB90B3-BE0F-4458-97D9-38EDAB15EE96}.Release|Any CPU.Build.0 = Release|Any CPU
		{1CCB90B3-BE0F-4458-97D9-38EDAB15EE96}.Release|x64.ActiveCfg = Release|Any CPU
		{1CCB90B3-BE0F-4458-97D9-38EDAB15EE96}.Release|x64.Build.0 = Release|Any CPU
		{1CCB90B3-BE0F-4458-97D9-38EDAB15EE96}.Release|x86.ActiveCfg = Release|Any CPU
		{1CCB90B3-BE0F-4458-97D9-38EDAB15EE96}.Release|x86.Build.0 = Release|Any CPU
		{5E78E1CE-C685-4049-A14B-8625F22BC7CA}.Debug|Any CPU.ActiveCfg = Debug|Any CPU
		{5E78E1CE-C685-4049-A14B-8625F22BC7CA}.Debug|Any CPU.Build.0 = Debug|Any CPU
		{5E78E1CE-C685-4049-A14B-8625F22BC7CA}.Debug|x64.ActiveCfg = Debug|Any CPU
		{5E78E1CE-C685-4049-A14B-8625F22BC7CA}.Debug|x64.Build.0 = Debug|Any CPU
		{5E78E1CE-C685-4049-A14B-8625F22BC7CA}.Debug|x86.ActiveCfg = Debug|Any CPU
		{5E78E1CE-C685-4049-A14B-8625F22BC7CA}.Debug|x86.Build.0 = Debug|Any CPU
		{5E78E1CE-C685-4049-A14B-8625F22BC7CA}.Release|Any CPU.ActiveCfg = Release|Any CPU
		{5E78E1CE-C685-4049-A14B-8625F22BC7CA}.Release|Any CPU.Build.0 = Release|Any CPU
		{5E78E1CE-C685-4049-A14B-8625F22BC7CA}.Release|x64.ActiveCfg = Release|Any CPU
		{5E78E1CE-C685-4049-A14B-8625F22BC7CA}.Release|x64.Build.0 = Release|Any CPU
		{5E78E1CE-C685-4049-A14B-8625F22BC7CA}.Release|x86.ActiveCfg = Release|Any CPU
		{5E78E1CE-C685-4049-A14B-8625F22BC7CA}.Release|x86.Build.0 = Release|Any CPU
		{D7778CFF-AD34-4432-9762-339F18A88BA3}.Debug|Any CPU.ActiveCfg = Debug|Any CPU
		{D7778CFF-AD34-4432-9762-339F18A88BA3}.Debug|Any CPU.Build.0 = Debug|Any CPU
		{D7778CFF-AD34-4432-9762-339F18A88BA3}.Debug|x64.ActiveCfg = Debug|Any CPU
		{D7778CFF-AD34-4432-9762-339F18A88BA3}.Debug|x64.Build.0 = Debug|Any CPU
		{D7778CFF-AD34-4432-9762-339F18A88BA3}.Debug|x86.ActiveCfg = Debug|Any CPU
		{D7778CFF-AD34-4432-9762-339F18A88BA3}.Debug|x86.Build.0 = Debug|Any CPU
		{D7778CFF-AD34-4432-9762-339F18A88BA3}.Release|Any CPU.ActiveCfg = Release|Any CPU
		{D7778CFF-AD34-4432-9762-339F18A88BA3}.Release|Any CPU.Build.0 = Release|Any CPU
		{D7778CFF-AD34-4432-9762-339F18A88BA3}.Release|x64.ActiveCfg = Release|Any CPU
		{D7778CFF-AD34-4432-9762-339F18A88BA3}.Release|x64.Build.0 = Release|Any CPU
		{D7778CFF-AD34-4432-9762-339F18A88BA3}.Release|x86.ActiveCfg = Release|Any CPU
		{D7778CFF-AD34-4432-9762-339F18A88BA3}.Release|x86.Build.0 = Release|Any CPU
		{F694B298-5201-4E61-A6E5-01AFD2E68B62}.Debug|Any CPU.ActiveCfg = Debug|Any CPU
		{F694B298-5201-4E61-A6E5-01AFD2E68B62}.Debug|Any CPU.Build.0 = Debug|Any CPU
		{F694B298-5201-4E61-A6E5-01AFD2E68B62}.Debug|x64.ActiveCfg = Debug|Any CPU
		{F694B298-5201-4E61-A6E5-01AFD2E68B62}.Debug|x64.Build.0 = Debug|Any CPU
		{F694B298-5201-4E61-A6E5-01AFD2E68B62}.Debug|x86.ActiveCfg = Debug|Any CPU
		{F694B298-5201-4E61-A6E5-01AFD2E68B62}.Debug|x86.Build.0 = Debug|Any CPU
		{F694B298-5201-4E61-A6E5-01AFD2E68B62}.Release|Any CPU.ActiveCfg = Release|Any CPU
		{F694B298-5201-4E61-A6E5-01AFD2E68B62}.Release|Any CPU.Build.0 = Release|Any CPU
		{F694B298-5201-4E61-A6E5-01AFD2E68B62}.Release|x64.ActiveCfg = Release|Any CPU
		{F694B298-5201-4E61-A6E5-01AFD2E68B62}.Release|x64.Build.0 = Release|Any CPU
		{F694B298-5201-4E61-A6E5-01AFD2E68B62}.Release|x86.ActiveCfg = Release|Any CPU
		{F694B298-5201-4E61-A6E5-01AFD2E68B62}.Release|x86.Build.0 = Release|Any CPU
	EndGlobalSection
	GlobalSection(SolutionProperties) = preSolution
		HideSolutionNode = FALSE
	EndGlobalSection
	GlobalSection(NestedProjects) = preSolution
		{3FC009BD-F979-4BE2-A63A-DBC72415F9BD} = {827E0CD3-B72D-47B6-A68D-7590B98EB39B}
		{EE307CE9-B081-4402-B418-267107DF7351} = {827E0CD3-B72D-47B6-A68D-7590B98EB39B}
		{1CCB90B3-BE0F-4458-97D9-38EDAB15EE96} = {827E0CD3-B72D-47B6-A68D-7590B98EB39B}
		{5E78E1CE-C685-4049-A14B-8625F22BC7CA} = {827E0CD3-B72D-47B6-A68D-7590B98EB39B}
		{D7778CFF-AD34-4432-9762-339F18A88BA3} = {827E0CD3-B72D-47B6-A68D-7590B98EB39B}
		{F694B298-5201-4E61-A6E5-01AFD2E68B62} = {827E0CD3-B72D-47B6-A68D-7590B98EB39B}
	EndGlobalSection
EndGlobal
